
Microsoft Visual Studio Solution File, Format Version 12.00
# Visual Studio 15
VisualStudioVersion = 15.0.28010.2046
MinimumVisualStudioVersion = 10.0.40219.1
Project("{FAE04EC0-301F-11D3-BF4B-00C04F79EFBC}") = "Times", "Times\Times.csproj", "{945AD469-D367-43EA-9DAB-CD4B3789FC12}"
EndProject
Global
	GlobalSection(SolutionConfigurationPlatforms) = preSolution
		Debug|Any CPU = Debug|Any CPU
		Release|Any CPU = Release|Any CPU
	EndGlobalSection
	GlobalSection(ProjectConfigurationPlatforms) = postSolution
		{945AD469-D367-43EA-9DAB-CD4B3789FC12}.Debug|Any CPU.ActiveCfg = Debug|Any CPU
		{945AD469-D367-43EA-9DAB-CD4B3789FC12}.Debug|Any CPU.Build.0 = Debug|Any CPU
		{945AD469-D367-43EA-9DAB-CD4B3789FC12}.Release|Any CPU.ActiveCfg = Release|Any CPU
		{945AD469-D367-43EA-9DAB-CD4B3789FC12}.Release|Any CPU.Build.0 = Release|Any CPU
	EndGlobalSection
	GlobalSection(SolutionProperties) = preSolution
		HideSolutionNode = FALSE
	EndGlobalSection
	GlobalSection(ExtensibilityGlobals) = postSolution
		SolutionGuid = {F3392D4F-8824-4C73-ADD4-87FC940D7883}
	EndGlobalSection
EndGlobal
