
Microsoft Visual Studio Solution File, Format Version 12.00
# Visual Studio 15
VisualStudioVersion = 15.0.28010.2046
MinimumVisualStudioVersion = 10.0.40219.1
Project("{FAE04EC0-301F-11D3-BF4B-00C04F79EFBC}") = "10 times tables", "10 times tables\10 times tables.csproj", "{65474008-00C8-4EE2-83FF-1D51DB2876BF}"
EndProject
Global
	GlobalSection(SolutionConfigurationPlatforms) = preSolution
		Debug|Any CPU = Debug|Any CPU
		Release|Any CPU = Release|Any CPU
	EndGlobalSection
	GlobalSection(ProjectConfigurationPlatforms) = postSolution
		{65474008-00C8-4EE2-83FF-1D51DB2876BF}.Debug|Any CPU.ActiveCfg = Debug|Any CPU
		{65474008-00C8-4EE2-83FF-1D51DB2876BF}.Debug|Any CPU.Build.0 = Debug|Any CPU
		{65474008-00C8-4EE2-83FF-1D51DB2876BF}.Release|Any CPU.ActiveCfg = Release|Any CPU
		{65474008-00C8-4EE2-83FF-1D51DB2876BF}.Release|Any CPU.Build.0 = Release|Any CPU
	EndGlobalSection
	GlobalSection(SolutionProperties) = preSolution
		HideSolutionNode = FALSE
	EndGlobalSection
	GlobalSection(ExtensibilityGlobals) = postSolution
		SolutionGuid = {BF551F75-2CE2-4B9A-BD49-89B5C049555C}
	EndGlobalSection
EndGlobal
